# THIS IS AN AUTOGENERATED FILE. DO NOT EDIT THIS FILE DIRECTLY.
# yarn lockfile v1


bootstrap@^3.3.7:
  version "3.3.7"
  resolved "https://registry.yarnpkg.com/bootstrap/-/bootstrap-3.3.7.tgz#5a389394549f23330875a3b150656574f8a9eb71"

codemirror@5.12.0:
  version "5.12.0"
  resolved "https://registry.yarnpkg.com/codemirror/-/codemirror-5.12.0.tgz#956a472bd2b0f94cb0f730680a1c33671cd7fba3"

jquery-ujs@^1.2.2:
  version "1.2.2"
  resolved "https://registry.yarnpkg.com/jquery-ujs/-/jquery-ujs-1.2.2.tgz#6a8ef1020e6b6dda385b90a4bddc128c21c56397"
  dependencies:
    jquery ">=1.8.0"

jquery@>=1.8.0, jquery@^3.2.1:
  version "3.2.1"
  resolved "https://registry.yarnpkg.com/jquery/-/jquery-3.2.1.tgz#5c4d9de652af6cd0a770154a631bba12b015c787"

marked@^0.3.6:
  version "0.3.6"
  resolved "https://registry.yarnpkg.com/marked/-/marked-0.3.6.tgz#b2c6c618fccece4ef86c4fc6cb8a7cbf5aeda8d7"

node-promise@^0.5.10:
  version "0.5.12"
  resolved "https://registry.yarnpkg.com/node-promise/-/node-promise-0.5.12.tgz#b0acf9bc2229a76407c077b926592f99b3b4e1f1"

uikit@2.25.0:
  version "2.25.0"
  resolved "https://registry.yarnpkg.com/uikit/-/uikit-2.25.0.tgz#978e1aae72e4940f09533f8af7b07def21b099a9"
  dependencies:
    node-promise "^0.5.10"

underscore@^1.8.3:
  version "1.8.3"
  resolved "https://registry.yarnpkg.com/underscore/-/underscore-1.8.3.tgz#4f3fb53b106e6097fcf9cb4109f2a5e9bdfa5022"
